// !$*UTF8*$!
{
	archiveVersion = 1;
	classes = {
	};
	objectVersion = 46;
	objects = {

/* Begin PBXBuildFile section */
		96E048AA1BC11B480017DDC9 /* AppDelegate.swift in Sources */ = {isa = PBXBuildFile; fileRef = 96E048A91BC11B480017DDC9 /* AppDelegate.swift */; };
		96E048AC1BC11B480017DDC9 /* ViewController.swift in Sources */ = {isa = PBXBuildFile; fileRef = 96E048AB1BC11B480017DDC9 /* ViewController.swift */; };
		96E048AF1BC11B480017DDC9 /* Main.storyboard in Resources */ = {isa = PBXBuildFile; fileRef = 96E048AD1BC11B480017DDC9 /* Main.storyboard */; };
		96E048B11BC11B480017DDC9 /* Assets.xcassets in Resources */ = {isa = PBXBuildFile; fileRef = 96E048B01BC11B480017DDC9 /* Assets.xcassets */; };
		96E048B41BC11B480017DDC9 /* LaunchScreen.storyboard in Resources */ = {isa = PBXBuildFile; fileRef = 96E048B21BC11B480017DDC9 /* LaunchScreen.storyboard */; };
		96E048BF1BC11B490017DDC9 /* HipsterDogNamesTests.swift in Sources */ = {isa = PBXBuildFile; fileRef = 96E048BE1BC11B490017DDC9 /* HipsterDogNamesTests.swift */; };
		96E048CA1BC11B490017DDC9 /* HipsterDogNamesUITests.swift in Sources */ = {isa = PBXBuildFile; fileRef = 96E048C91BC11B490017DDC9 /* HipsterDogNamesUITests.swift */; };
		96E048D81BC11BDC0017DDC9 /* Because I am Happy Regular.ttf in Resources */ = {isa = PBXBuildFile; fileRef = 96E048D71BC11BDC0017DDC9 /* Because I am Happy Regular.ttf */; settings = {ASSET_TAGS = (); }; };
/* End PBXBuildFile section */

/* Begin PBXContainerItemProxy section */
		96E048BB1BC11B490017DDC9 /* PBXContainerItemProxy */ = {
			isa = PBXContainerItemProxy;
			containerPortal = 96E0489E1BC11B480017DDC9 /* Project object */;
			proxyType = 1;
			remoteGlobalIDString = 96E048A51BC11B480017DDC9;
			remoteInfo = HipsterDogNames;
		};
		96E048C61BC11B490017DDC9 /* PBXContainerItemProxy */ = {
			isa = PBXContainerItemProxy;
			containerPortal = 96E0489E1BC11B480017DDC9 /* Project object */;
			proxyType = 1;
			remoteGlobalIDString = 96E048A51BC11B480017DDC9;
			remoteInfo = HipsterDogNames;
		};
/* End PBXContainerItemProxy section */

/* Begin PBXFileReference section */
		96E048A61BC11B480017DDC9 /* HipsterDogNames.app */ = {isa = PBXFileReference; explicitFileType = wrapper.application; includeInIndex = 0; path = HipsterDogNames.app; sourceTree = BUILT_PRODUCTS_DIR; };
		96E048A91BC11B480017DDC9 /* AppDelegate.swift */ = {isa = PBXFileReference; lastKnownFileType = sourcecode.swift; path = AppDelegate.swift; sourceTree = "<group>"; };
		96E048AB1BC11B480017DDC9 /* ViewController.swift */ = {isa = PBXFileReference; lastKnownFileType = sourcecode.swift; path = ViewController.swift; sourceTree = "<group>"; };
		96E048AE1BC11B480017DDC9 /* Base */ = {isa = PBXFileReference; lastKnownFileType = file.storyboard; name = Base; path = Base.lproj/Main.storyboard; sourceTree = "<group>"; };
		96E048B01BC11B480017DDC9 /* Assets.xcassets */ = {isa = PBXFileReference; lastKnownFileType = folder.assetcatalog; path = Assets.xcassets; sourceTree = "<group>"; };
		96E048B31BC11B480017DDC9 /* Base */ = {isa = PBXFileReference; lastKnownFileType = file.storyboard; name = Base; path = Base.lproj/LaunchScreen.storyboard; sourceTree = "<group>"; };
		96E048B51BC11B480017DDC9 /* Info.plist */ = {isa = PBXFileReference; lastKnownFileType = text.plist.xml; path = Info.plist; sourceTree = "<group>"; };
		96E048BA1BC11B490017DDC9 /* HipsterDogNamesTests.xctest */ = {isa = PBXFileReference; explicitFileType = wrapper.cfbundle; includeInIndex = 0; path = HipsterDogNamesTests.xctest; sourceTree = BUILT_PRODUCTS_DIR; };
		96E048BE1BC11B490017DDC9 /* HipsterDogNamesTests.swift */ = {isa = PBXFileReference; lastKnownFileType = sourcecode.swift; path = HipsterDogNamesTests.swift; sourceTree = "<group>"; };
		96E048C01BC11B490017DDC9 /* Info.plist */ = {isa = PBXFileReference; lastKnownFileType = text.plist.xml; path = Info.plist; sourceTree = "<group>"; };
		96E048C51BC11B490017DDC9 /* HipsterDogNamesUITests.xctest */ = {isa = PBXFileReference; explicitFileType = wrapper.cfbundle; includeInIndex = 0; path = HipsterDogNamesUITests.xctest; sourceTree = BUILT_PRODUCTS_DIR; };
		96E048C91BC11B490017DDC9 /* HipsterDogNamesUITests.swift */ = {isa = PBXFileReference; lastKnownFileType = sourcecode.swift; path = HipsterDogNamesUITests.swift; sourceTree = "<group>"; };
		96E048CB1BC11B490017DDC9 /* Info.plist */ = {isa = PBXFileReference; lastKnownFileType = text.plist.xml; path = Info.plist; sourceTree = "<group>"; };
		96E048D71BC11BDC0017DDC9 /* Because I am Happy Regular.ttf */ = {isa = PBXFileReference; lastKnownFileType = file; path = "Because I am Happy Regular.ttf"; sourceTree = "<group>"; };
/* End PBXFileReference section */

/* Begin PBXFrameworksBuildPhase section */
		96E048A31BC11B480017DDC9 /* Frameworks */ = {
			isa = PBXFrameworksBuildPhase;
			buildActionMask = 2147483647;
			files = (
			);
			runOnlyForDeploymentPostprocessing = 0;
		};
		96E048B71BC11B490017DDC9 /* Frameworks */ = {
			isa = PBXFrameworksBuildPhase;
			buildActionMask = 2147483647;
			files = (
			);
			runOnlyForDeploymentPostprocessing = 0;
		};
		96E048C21BC11B490017DDC9 /* Frameworks */ = {
			isa = PBXFrameworksBuildPhase;
			buildActionMask = 2147483647;
			files = (
			);
			runOnlyForDeploymentPostprocessing = 0;
		};
/* End PBXFrameworksBuildPhase section */

/* Begin PBXGroup section */
		96E0489D1BC11B480017DDC9 = {
			isa = PBXGroup;
			children = (
				96E048A81BC11B480017DDC9 /* HipsterDogNames */,
				96E048BD1BC11B490017DDC9 /* HipsterDogNamesTests */,
				96E048C81BC11B490017DDC9 /* HipsterDogNamesUITests */,
				96E048A71BC11B480017DDC9 /* Products */,
			);
			sourceTree = "<group>";
		};
		96E048A71BC11B480017DDC9 /* Products */ = {
			isa = PBXGroup;
			children = (
				96E048A61BC11B480017DDC9 /* HipsterDogNames.app */,
				96E048BA1BC11B490017DDC9 /* HipsterDogNamesTests.xctest */,
				96E048C51BC11B490017DDC9 /* HipsterDogNamesUITests.xctest */,
			);
			name = Products;
			sourceTree = "<group>";
		};
		96E048A81BC11B480017DDC9 /* HipsterDogNames */ = {
			isa = PBXGroup;
			children = (
				96E048A91BC11B480017DDC9 /* AppDelegate.swift */,
				96E048AB1BC11B480017DDC9 /* ViewController.swift */,
				96E048AD1BC11B480017DDC9 /* Main.storyboard */,
				96E048D71BC11BDC0017DDC9 /* Because I am Happy Regular.ttf */,
				96E048B01BC11B480017DDC9 /* Assets.xcassets */,
				96E048B21BC11B480017DDC9 /* LaunchScreen.storyboard */,
				96E048B51BC11B480017DDC9 /* Info.plist */,
			);
			path = HipsterDogNames;
			sourceTree = "<group>";
		};
		96E048BD1BC11B490017DDC9 /* HipsterDogNamesTests */ = {
			isa = PBXGroup;
			children = (
				96E048BE1BC11B490017DDC9 /* HipsterDogNamesTests.swift */,
				96E048C01BC11B490017DDC9 /* Info.plist */,
			);
			path = HipsterDogNamesTests;
			sourceTree = "<group>";
		};
		96E048C81BC11B490017DDC9 /* HipsterDogNamesUITests */ = {
			isa = PBXGroup;
			children = (
				96E048C91BC11B490017DDC9 /* HipsterDogNamesUITests.swift */,
				96E048CB1BC11B490017DDC9 /* Info.plist */,
			);
			path = HipsterDogNamesUITests;
			sourceTree = "<group>";
		};
/* End PBXGroup section */

/* Begin PBXNativeTarget section */
		96E048A51BC11B480017DDC9 /* HipsterDogNames */ = {
			isa = PBXNativeTarget;
			buildConfigurationList = 96E048CE1BC11B490017DDC9 /* Build configuration list for PBXNativeTarget "HipsterDogNames" */;
			buildPhases = (
				96E048A21BC11B480017DDC9 /* Sources */,
				96E048A31BC11B480017DDC9 /* Frameworks */,
				96E048A41BC11B480017DDC9 /* Resources */,
			);
			buildRules = (
			);
			dependencies = (
			);
			name = HipsterDogNames;
			productName = HipsterDogNames;
			productReference = 96E048A61BC11B480017DDC9 /* HipsterDogNames.app */;
			productType = "com.apple.product-type.application";
		};
		96E048B91BC11B490017DDC9 /* HipsterDogNamesTests */ = {
			isa = PBXNativeTarget;
			buildConfigurationList = 96E048D11BC11B490017DDC9 /* Build configuration list for PBXNativeTarget "HipsterDogNamesTests" */;
			buildPhases = (
				96E048B61BC11B490017DDC9 /* Sources */,
				96E048B71BC11B490017DDC9 /* Frameworks */,
				96E048B81BC11B490017DDC9 /* Resources */,
			);
			buildRules = (
			);
			dependencies = (
				96E048BC1BC11B490017DDC9 /* PBXTargetDependency */,
			);
			name = HipsterDogNamesTests;
			productName = HipsterDogNamesTests;
			productReference = 96E048BA1BC11B490017DDC9 /* HipsterDogNamesTests.xctest */;
			productType = "com.apple.product-type.bundle.unit-test";
		};
		96E048C41BC11B490017DDC9 /* HipsterDogNamesUITests */ = {
			isa = PBXNativeTarget;
			buildConfigurationList = 96E048D41BC11B490017DDC9 /* Build configuration list for PBXNativeTarget "HipsterDogNamesUITests" */;
			buildPhases = (
				96E048C11BC11B490017DDC9 /* Sources */,
				96E048C21BC11B490017DDC9 /* Frameworks */,
				96E048C31BC11B490017DDC9 /* Resources */,
			);
			buildRules = (
			);
			dependencies = (
				96E048C71BC11B490017DDC9 /* PBXTargetDependency */,
			);
			name = HipsterDogNamesUITests;
			productName = HipsterDogNamesUITests;
			productReference = 96E048C51BC11B490017DDC9 /* HipsterDogNamesUITests.xctest */;
			productType = "com.apple.product-type.bundle.ui-testing";
		};
/* End PBXNativeTarget section */

/* Begin PBXProject section */
		96E0489E1BC11B480017DDC9 /* Project object */ = {
			isa = PBXProject;
			attributes = {
				LastUpgradeCheck = 0700;
				ORGANIZATIONNAME = "Lone Pine Creative";
				TargetAttributes = {
					96E048A51BC11B480017DDC9 = {
						CreatedOnToolsVersion = 7.0;
					};
					96E048B91BC11B490017DDC9 = {
						CreatedOnToolsVersion = 7.0;
						TestTargetID = 96E048A51BC11B480017DDC9;
					};
					96E048C41BC11B490017DDC9 = {
						CreatedOnToolsVersion = 7.0;
						TestTargetID = 96E048A51BC11B480017DDC9;
					};
				};
			};
			buildConfigurationList = 96E048A11BC11B480017DDC9 /* Build configuration list for PBXProject "HipsterDogNames" */;
			compatibilityVersion = "Xcode 3.2";
			developmentRegion = English;
			hasScannedForEncodings = 0;
			knownRegions = (
				en,
				Base,
			);
			mainGroup = 96E0489D1BC11B480017DDC9;
			productRefGroup = 96E048A71BC11B480017DDC9 /* Products */;
			projectDirPath = "";
			projectRoot = "";
			targets = (
				96E048A51BC11B480017DDC9 /* HipsterDogNames */,
				96E048B91BC11B490017DDC9 /* HipsterDogNamesTests */,
				96E048C41BC11B490017DDC9 /* HipsterDogNamesUITests */,
			);
		};
/* End PBXProject section */

/* Begin PBXResourcesBuildPhase section */
		96E048A41BC11B480017DDC9 /* Resources */ = {
			isa = PBXResourcesBuildPhase;
			buildActionMask = 2147483647;
			files = (
				96E048B41BC11B480017DDC9 /* LaunchScreen.storyboard in Resources */,
				96E048D81BC11BDC0017DDC9 /* Because I am Happy Regular.ttf in Resources */,
				96E048B11BC11B480017DDC9 /* Assets.xcassets in Resources */,
				96E048AF1BC11B480017DDC9 /* Main.storyboard in Resources */,
			);
			runOnlyForDeploymentPostprocessing = 0;
		};
		96E048B81BC11B490017DDC9 /* Resources */ = {
			isa = PBXResourcesBuildPhase;
			buildActionMask = 2147483647;
			files = (
			);
			runOnlyForDeploymentPostprocessing = 0;
		};
		96E048C31BC11B490017DDC9 /* Resources */ = {
			isa = PBXResourcesBuildPhase;
			buildActionMask = 2147483647;
			files = (
			);
			runOnlyForDeploymentPostprocessing = 0;
		};
/* End PBXResourcesBuildPhase section */

/* Begin PBXSourcesBuildPhase section */
		96E048A21BC11B480017DDC9 /* Sources */ = {
			isa = PBXSourcesBuildPhase;
			buildActionMask = 2147483647;
			files = (
				96E048AC1BC11B480017DDC9 /* ViewController.swift in Sources */,
				96E048AA1BC11B480017DDC9 /* AppDelegate.swift in Sources */,
			);
			runOnlyForDeploymentPostprocessing = 0;
		};
		96E048B61BC11B490017DDC9 /* Sources */ = {
			isa = PBXSourcesBuildPhase;
			buildActionMask = 2147483647;
			files = (
				96E048BF1BC11B490017DDC9 /* HipsterDogNamesTests.swift in Sources */,
			);
			runOnlyForDeploymentPostprocessing = 0;
		};
		96E048C11BC11B490017DDC9 /* Sources */ = {
			isa = PBXSourcesBuildPhase;
			buildActionMask = 2147483647;
			files = (
				96E048CA1BC11B490017DDC9 /* HipsterDogNamesUITests.swift in Sources */,
			);
			runOnlyForDeploymentPostprocessing = 0;
		};
/* End PBXSourcesBuildPhase section */

/* Begin PBXTargetDependency section */
		96E048BC1BC11B490017DDC9 /* PBXTargetDependency */ = {
			isa = PBXTargetDependency;
			target = 96E048A51BC11B480017DDC9 /* HipsterDogNames */;
			targetProxy = 96E048BB1BC11B490017DDC9 /* PBXContainerItemProxy */;
		};
		96E048C71BC11B490017DDC9 /* PBXTargetDependency */ = {
			isa = PBXTargetDependency;
			target = 96E048A51BC11B480017DDC9 /* HipsterDogNames */;
			targetProxy = 96E048C61BC11B490017DDC9 /* PBXContainerItemProxy */;
		};
/* End PBXTargetDependency section */

/* Begin PBXVariantGroup section */
		96E048AD1BC11B480017DDC9 /* Main.storyboard */ = {
			isa = PBXVariantGroup;
			children = (
				96E048AE1BC11B480017DDC9 /* Base */,
			);
			name = Main.storyboard;
			sourceTree = "<group>";
		};
		96E048B21BC11B480017DDC9 /* LaunchScreen.storyboard */ = {
			isa = PBXVariantGroup;
			children = (
				96E048B31BC11B480017DDC9 /* Base */,
			);
			name = LaunchScreen.storyboard;
			sourceTree = "<group>";
		};
/* End PBXVariantGroup section */

/* Begin XCBuildConfiguration section */
		96E048CC1BC11B490017DDC9 /* Debug */ = {
			isa = XCBuildConfiguration;
			buildSettings = {
				ALWAYS_SEARCH_USER_PATHS = NO;
				CLANG_CXX_LANGUAGE_STANDARD = "gnu++0x";
				CLANG_CXX_LIBRARY = "libc++";
				CLANG_ENABLE_MODULES = YES;
				CLANG_ENABLE_OBJC_ARC = YES;
				CLANG_WARN_BOOL_CONVERSION = YES;
				CLANG_WARN_CONSTANT_CONVERSION = YES;
				CLANG_WARN_DIRECT_OBJC_ISA_USAGE = YES_ERROR;
				CLANG_WARN_EMPTY_BODY = YES;
				CLANG_WARN_ENUM_CONVERSION = YES;
				CLANG_WARN_INT_CONVERSION = YES;
				CLANG_WARN_OBJC_ROOT_CLASS = YES_ERROR;
				CLANG_WARN_UNREACHABLE_CODE = YES;
				CLANG_WARN__DUPLICATE_METHOD_MATCH = YES;
				"CODE_SIGN_IDENTITY[sdk=iphoneos*]" = "iPhone Developer";
				COPY_PHASE_STRIP = NO;
				DEBUG_INFORMATION_FORMAT = dwarf;
				ENABLE_STRICT_OBJC_MSGSEND = YES;
				ENABLE_TESTABILITY = YES;
				GCC_C_LANGUAGE_STANDARD = gnu99;
				GCC_DYNAMIC_NO_PIC = NO;
				GCC_NO_COMMON_BLOCKS = YES;
				GCC_OPTIMIZATION_LEVEL = 0;
				GCC_PREPROCESSOR_DEFINITIONS = (
					"DEBUG=1",
					"$(inherited)",
				);
				GCC_WARN_64_TO_32_BIT_CONVERSION = YES;
				GCC_WARN_ABOUT_RETURN_TYPE = YES_ERROR;
				GCC_WARN_UNDECLARED_SELECTOR = YES;
				GCC_WARN_UNINITIALIZED_AUTOS = YES_AGGRESSIVE;
				GCC_WARN_UNUSED_FUNCTION = YES;
				GCC_WARN_UNUSED_VARIABLE = YES;
				IPHONEOS_DEPLOYMENT_TARGET = 9.0;
				MTL_ENABLE_DEBUG_INFO = YES;
				ONLY_ACTIVE_ARCH = YES;
				SDKROOT = iphoneos;
				SWIFT_OPTIMIZATION_LEVEL = "-Onone";
				TARGETED_DEVICE_FAMILY = "1,2";
			};
			name = Debug;
		};
		96E048CD1BC11B490017DDC9 /* Release */ = {
			isa = XCBuildConfiguration;
			buildSettings = {
				ALWAYS_SEARCH_USER_PATHS = NO;
				CLANG_CXX_LANGUAGE_STANDARD = "gnu++0x";
				CLANG_CXX_LIBRARY = "libc++";
				CLANG_ENABLE_MODULES = YES;
				CLANG_ENABLE_OBJC_ARC = YES;
				CLANG_WARN_BOOL_CONVERSION = YES;
				CLANG_WARN_CONSTANT_CONVERSION = YES;
				CLANG_WARN_DIRECT_OBJC_ISA_USAGE = YES_ERROR;
				CLANG_WARN_EMPTY_BODY = YES;
				CLANG_WARN_ENUM_CONVERSION = YES;
				CLANG_WARN_INT_CONVERSION = YES;
				CLANG_WARN_OBJC_ROOT_CLASS = YES_ERROR;
				CLANG_WARN_UNREACHABLE_CODE = YES;
				CLANG_WARN__DUPLICATE_METHOD_MATCH = YES;
				"CODE_SIGN_IDENTITY[sdk=iphoneos*]" = "iPhone Developer";
				COPY_PHASE_STRIP = NO;
				DEBUG_INFORMATION_FORMAT = "dwarf-with-dsym";
				ENABLE_NS_ASSERTIONS = NO;
				ENABLE_STRICT_OBJC_MSGSEND = YES;
				GCC_C_LANGUAGE_STANDARD = gnu99;
				GCC_NO_COMMON_BLOCKS = YES;
				GCC_WARN_64_TO_32_BIT_CONVERSION = YES;
				GCC_WARN_ABOUT_RETURN_TYPE = YES_ERROR;
				GCC_WARN_UNDECLARED_SELECTOR = YES;
				GCC_WARN_UNINITIALIZED_AUTOS = YES_AGGRESSIVE;
				GCC_WARN_UNUSED_FUNCTION = YES;
				GCC_WARN_UNUSED_VARIABLE = YES;
				IPHONEOS_DEPLOYMENT_TARGET = 9.0;
				MTL_ENABLE_DEBUG_INFO = NO;
				SDKROOT = iphoneos;
				TARGETED_DEVICE_FAMILY = "1,2";
				VALIDATE_PRODUCT = YES;
			};
			name = Release;
		};
		96E048CF1BC11B490017DDC9 /* Debug */ = {
			isa = XCBuildConfiguration;
			buildSettings = {
				ASSETCATALOG_COMPILER_APPICON_NAME = AppIcon;
				INFOPLIST_FILE = HipsterDogNames/Info.plist;
				LD_RUNPATH_SEARCH_PATHS = "$(inherited) @executable_path/Frameworks";
				PRODUCT_BUNDLE_IDENTIFIER = LonePineC.HipsterDogNames;
				PRODUCT_NAME = "$(TARGET_NAME)";
			};
			name = Debug;
		};
		96E048D01BC11B490017DDC9 /* Release */ = {
			isa = XCBuildConfiguration;
			buildSettings = {
				ASSETCATALOG_COMPILER_APPICON_NAME = AppIcon;
				INFOPLIST_FILE = HipsterDogNames/Info.plist;
				LD_RUNPATH_SEARCH_PATHS = "$(inherited) @executable_path/Frameworks";
				PRODUCT_BUNDLE_IDENTIFIER = LonePineC.HipsterDogNames;
				PRODUCT_NAME = "$(TARGET_NAME)";
			};
			name = Release;
		};
		96E048D21BC11B490017DDC9 /* Debug */ = {
			isa = XCBuildConfiguration;
			buildSettings = {
				BUNDLE_LOADER = "$(TEST_HOST)";
				INFOPLIST_FILE = HipsterDogNamesTests/Info.plist;
				LD_RUNPATH_SEARCH_PATHS = "$(inherited) @executable_path/Frameworks @loader_path/Frameworks";
				PRODUCT_BUNDLE_IDENTIFIER = LonePineC.HipsterDogNamesTests;
				PRODUCT_NAME = "$(TARGET_NAME)";
				TEST_HOST = "$(BUILT_PRODUCTS_DIR)/HipsterDogNames.app/HipsterDogNames";
			};
			name = Debug;
		};
		96E048D31BC11B490017DDC9 /* Release */ = {
			isa = XCBuildConfiguration;
			buildSettings = {
				BUNDLE_LOADER = "$(TEST_HOST)";
				INFOPLIST_FILE = HipsterDogNamesTests/Info.plist;
				LD_RUNPATH_SEARCH_PATHS = "$(inherited) @executable_path/Frameworks @loader_path/Frameworks";
				PRODUCT_BUNDLE_IDENTIFIER = LonePineC.HipsterDogNamesTests;
				PRODUCT_NAME = "$(TARGET_NAME)";
				TEST_HOST = "$(BUILT_PRODUCTS_DIR)/HipsterDogNames.app/HipsterDogNames";
			};
			name = Release;
		};
		96E048D51BC11B490017DDC9 /* Debug */ = {
			isa = XCBuildConfiguration;
			buildSettings = {
				INFOPLIST_FILE = HipsterDogNamesUITests/Info.plist;
				LD_RUNPATH_SEARCH_PATHS = "$(inherited) @executable_path/Frameworks @loader_path/Frameworks";
				PRODUCT_BUNDLE_IDENTIFIER = LonePineC.HipsterDogNamesUITests;
				PRODUCT_NAME = "$(TARGET_NAME)";
				TEST_TARGET_NAME = HipsterDogNames;
				USES_XCTRUNNER = YES;
			};
			name = Debug;
		};
		96E048D61BC11B490017DDC9 /* Release */ = {
			isa = XCBuildConfiguration;
			buildSettings = {
				INFOPLIST_FILE = HipsterDogNamesUITests/Info.plist;
				LD_RUNPATH_SEARCH_PATHS = "$(inherited) @executable_path/Frameworks @loader_path/Frameworks";
				PRODUCT_BUNDLE_IDENTIFIER = LonePineC.HipsterDogNamesUITests;
				PRODUCT_NAME = "$(TARGET_NAME)";
				TEST_TARGET_NAME = HipsterDogNames;
				USES_XCTRUNNER = YES;
			};
			name = Release;
		};
/* End XCBuildConfiguration section */

/* Begin XCConfigurationList section */
		96E048A11BC11B480017DDC9 /* Build configuration list for PBXProject "HipsterDogNames" */ = {
			isa = XCConfigurationList;
			buildConfigurations = (
				96E048CC1BC11B490017DDC9 /* Debug */,
				96E048CD1BC11B490017DDC9 /* Release */,
			);
			defaultConfigurationIsVisible = 0;
			defaultConfigurationName = Release;
		};
		96E048CE1BC11B490017DDC9 /* Build configuration list for PBXNativeTarget "HipsterDogNames" */ = {
			isa = XCConfigurationList;
			buildConfigurations = (
				96E048CF1BC11B490017DDC9 /* Debug */,
				96E048D01BC11B490017DDC9 /* Release */,
			);
			defaultConfigurationIsVisible = 0;
		};
		96E048D11BC11B490017DDC9 /* Build configuration list for PBXNativeTarget "HipsterDogNamesTests" */ = {
			isa = XCConfigurationList;
			buildConfigurations = (
				96E048D21BC11B490017DDC9 /* Debug */,
				96E048D31BC11B490017DDC9 /* Release */,
			);
			defaultConfigurationIsVisible = 0;
		};
		96E048D41BC11B490017DDC9 /* Build configuration list for PBXNativeTarget "HipsterDogNamesUITests" */ = {
			isa = XCConfigurationList;
			buildConfigurations = (
				96E048D51BC11B490017DDC9 /* Debug */,
				96E048D61BC11B490017DDC9 /* Release */,
			);
			defaultConfigurationIsVisible = 0;
		};
/* End XCConfigurationList section */
	};
	rootObject = 96E0489E1BC11B480017DDC9 /* Project object */;
}
